
Microsoft Visual Studio Solution File, Format Version 12.00
# Visual Studio Version 17
VisualStudioVersion = 17.0.32126.317
MinimumVisualStudioVersion = 10.0.40219.1
Project("{FAE04EC0-301F-11D3-BF4B-00C04F79EFBC}") = "WebApiPixel", "WebApiPixel\WebApiPixel.csproj", "{4B14AF70-5BBD-46CD-8361-6BCF767757CF}"
EndProject
Project("{FAE04EC0-301F-11D3-BF4B-00C04F79EFBC}") = "WebApiPixel.Domain", "WebApiPixel.Domain\WebApiPixel.Domain.csproj", "{2181A8C9-5618-49D3-B45B-12D4BDA9BA26}"
EndProject
Project("{FAE04EC0-301F-11D3-BF4B-00C04F79EFBC}") = "WebApiPixel.AppServices", "WebApiPixel.AppServices\WebApiPixel.AppServices.csproj", "{4D683449-5A8D-44F1-BF2C-E0255F8475BE}"
EndProject
Project("{2150E333-8FDC-42A3-9474-1A3956D46DE8}") = "src", "src", "{324E810D-5D63-4BB7-A0BB-B49D3F6892C9}"
EndProject
Project("{2150E333-8FDC-42A3-9474-1A3956D46DE8}") = "Application", "Application", "{AE72B93A-48CB-4640-B2AC-9772AFF93783}"
EndProject
Project("{2150E333-8FDC-42A3-9474-1A3956D46DE8}") = "Domain", "Domain", "{7D87BCD9-CDCF-4F0C-BBE0-B210E388144C}"
EndProject
Project("{2150E333-8FDC-42A3-9474-1A3956D46DE8}") = "Hosts", "Hosts", "{E7681BC6-A5F9-4B5F-9424-BE2C0D74D3D7}"
EndProject
Project("{2150E333-8FDC-42A3-9474-1A3956D46DE8}") = "Contracts", "Contracts", "{FABC32FA-2542-4F11-BA35-F3831F4B4B0D}"
EndProject
Project("{2150E333-8FDC-42A3-9474-1A3956D46DE8}") = "Infrastructure", "Infrastructure", "{5253DE83-0575-4AE2-A9BF-BAAE62F5F927}"
EndProject
Project("{FAE04EC0-301F-11D3-BF4B-00C04F79EFBC}") = "WebApiPixel.Contracts", "WebApiPixel.Contracts\WebApiPixel.Contracts.csproj", "{CE44A0C9-AC11-4664-A1A2-9C391D45E65F}"
EndProject
Project("{FAE04EC0-301F-11D3-BF4B-00C04F79EFBC}") = "WebApiPixel.DataAccess", "WebApiPixel.DataAccess\WebApiPixel.DataAccess.csproj", "{A8CB6FB2-5817-4534-B365-7A2A753DDF72}"
EndProject
Project("{FAE04EC0-301F-11D3-BF4B-00C04F79EFBC}") = "WebApiPixel.Infrastructure", "WebApiPixel.Infrastructure\WebApiPixel.Infrastructure.csproj", "{870C4395-0497-4444-B380-C5F37D76A72C}"
EndProject
Project("{FAE04EC0-301F-11D3-BF4B-00C04F79EFBC}") = "WebApiPixel.Migrations", "WebApiPixel.Migrations\WebApiPixel.Migrations.csproj", "{12C9BA14-919C-4189-95E7-BF8A652FCB16}"
EndProject
Project("{FAE04EC0-301F-11D3-BF4B-00C04F79EFBC}") = "WebApiPixel.Mapper", "WebApiPixel.Mapper\WebApiPixel.Mapper.csproj", "{BBFF2A4E-E77A-4973-A28C-7FA0714BD174}"
EndProject
Global
	GlobalSection(SolutionConfigurationPlatforms) = preSolution
		Debug|Any CPU = Debug|Any CPU
		Release|Any CPU = Release|Any CPU
	EndGlobalSection
	GlobalSection(ProjectConfigurationPlatforms) = postSolution
		{4B14AF70-5BBD-46CD-8361-6BCF767757CF}.Debug|Any CPU.ActiveCfg = Debug|Any CPU
		{4B14AF70-5BBD-46CD-8361-6BCF767757CF}.Debug|Any CPU.Build.0 = Debug|Any CPU
		{4B14AF70-5BBD-46CD-8361-6BCF767757CF}.Release|Any CPU.ActiveCfg = Release|Any CPU
		{4B14AF70-5BBD-46CD-8361-6BCF767757CF}.Release|Any CPU.Build.0 = Release|Any CPU
		{2181A8C9-5618-49D3-B45B-12D4BDA9BA26}.Debug|Any CPU.ActiveCfg = Debug|Any CPU
		{2181A8C9-5618-49D3-B45B-12D4BDA9BA26}.Debug|Any CPU.Build.0 = Debug|Any CPU
		{2181A8C9-5618-49D3-B45B-12D4BDA9BA26}.Release|Any CPU.ActiveCfg = Release|Any CPU
		{2181A8C9-5618-49D3-B45B-12D4BDA9BA26}.Release|Any CPU.Build.0 = Release|Any CPU
		{4D683449-5A8D-44F1-BF2C-E0255F8475BE}.Debug|Any CPU.ActiveCfg = Debug|Any CPU
		{4D683449-5A8D-44F1-BF2C-E0255F8475BE}.Debug|Any CPU.Build.0 = Debug|Any CPU
		{4D683449-5A8D-44F1-BF2C-E0255F8475BE}.Release|Any CPU.ActiveCfg = Release|Any CPU
		{4D683449-5A8D-44F1-BF2C-E0255F8475BE}.Release|Any CPU.Build.0 = Release|Any CPU
		{CE44A0C9-AC11-4664-A1A2-9C391D45E65F}.Debug|Any CPU.ActiveCfg = Debug|Any CPU
		{CE44A0C9-AC11-4664-A1A2-9C391D45E65F}.Debug|Any CPU.Build.0 = Debug|Any CPU
		{CE44A0C9-AC11-4664-A1A2-9C391D45E65F}.Release|Any CPU.ActiveCfg = Release|Any CPU
		{CE44A0C9-AC11-4664-A1A2-9C391D45E65F}.Release|Any CPU.Build.0 = Release|Any CPU
		{A8CB6FB2-5817-4534-B365-7A2A753DDF72}.Debug|Any CPU.ActiveCfg = Debug|Any CPU
		{A8CB6FB2-5817-4534-B365-7A2A753DDF72}.Debug|Any CPU.Build.0 = Debug|Any CPU
		{A8CB6FB2-5817-4534-B365-7A2A753DDF72}.Release|Any CPU.ActiveCfg = Release|Any CPU
		{A8CB6FB2-5817-4534-B365-7A2A753DDF72}.Release|Any CPU.Build.0 = Release|Any CPU
		{870C4395-0497-4444-B380-C5F37D76A72C}.Debug|Any CPU.ActiveCfg = Debug|Any CPU
		{870C4395-0497-4444-B380-C5F37D76A72C}.Debug|Any CPU.Build.0 = Debug|Any CPU
		{870C4395-0497-4444-B380-C5F37D76A72C}.Release|Any CPU.ActiveCfg = Release|Any CPU
		{870C4395-0497-4444-B380-C5F37D76A72C}.Release|Any CPU.Build.0 = Release|Any CPU
		{12C9BA14-919C-4189-95E7-BF8A652FCB16}.Debug|Any CPU.ActiveCfg = Debug|Any CPU
		{12C9BA14-919C-4189-95E7-BF8A652FCB16}.Debug|Any CPU.Build.0 = Debug|Any CPU
		{12C9BA14-919C-4189-95E7-BF8A652FCB16}.Release|Any CPU.ActiveCfg = Release|Any CPU
		{12C9BA14-919C-4189-95E7-BF8A652FCB16}.Release|Any CPU.Build.0 = Release|Any CPU
		{BBFF2A4E-E77A-4973-A28C-7FA0714BD174}.Debug|Any CPU.ActiveCfg = Debug|Any CPU
		{BBFF2A4E-E77A-4973-A28C-7FA0714BD174}.Debug|Any CPU.Build.0 = Debug|Any CPU
		{BBFF2A4E-E77A-4973-A28C-7FA0714BD174}.Release|Any CPU.ActiveCfg = Release|Any CPU
		{BBFF2A4E-E77A-4973-A28C-7FA0714BD174}.Release|Any CPU.Build.0 = Release|Any CPU
	EndGlobalSection
	GlobalSection(SolutionProperties) = preSolution
		HideSolutionNode = FALSE
	EndGlobalSection
	GlobalSection(NestedProjects) = preSolution
		{4B14AF70-5BBD-46CD-8361-6BCF767757CF} = {E7681BC6-A5F9-4B5F-9424-BE2C0D74D3D7}
		{2181A8C9-5618-49D3-B45B-12D4BDA9BA26} = {7D87BCD9-CDCF-4F0C-BBE0-B210E388144C}
		{4D683449-5A8D-44F1-BF2C-E0255F8475BE} = {AE72B93A-48CB-4640-B2AC-9772AFF93783}
		{AE72B93A-48CB-4640-B2AC-9772AFF93783} = {324E810D-5D63-4BB7-A0BB-B49D3F6892C9}
		{7D87BCD9-CDCF-4F0C-BBE0-B210E388144C} = {324E810D-5D63-4BB7-A0BB-B49D3F6892C9}
		{E7681BC6-A5F9-4B5F-9424-BE2C0D74D3D7} = {324E810D-5D63-4BB7-A0BB-B49D3F6892C9}
		{FABC32FA-2542-4F11-BA35-F3831F4B4B0D} = {324E810D-5D63-4BB7-A0BB-B49D3F6892C9}
		{5253DE83-0575-4AE2-A9BF-BAAE62F5F927} = {324E810D-5D63-4BB7-A0BB-B49D3F6892C9}
		{CE44A0C9-AC11-4664-A1A2-9C391D45E65F} = {FABC32FA-2542-4F11-BA35-F3831F4B4B0D}
		{A8CB6FB2-5817-4534-B365-7A2A753DDF72} = {5253DE83-0575-4AE2-A9BF-BAAE62F5F927}
		{870C4395-0497-4444-B380-C5F37D76A72C} = {5253DE83-0575-4AE2-A9BF-BAAE62F5F927}
		{12C9BA14-919C-4189-95E7-BF8A652FCB16} = {E7681BC6-A5F9-4B5F-9424-BE2C0D74D3D7}
		{BBFF2A4E-E77A-4973-A28C-7FA0714BD174} = {5253DE83-0575-4AE2-A9BF-BAAE62F5F927}
	EndGlobalSection
	GlobalSection(ExtensibilityGlobals) = postSolution
		SolutionGuid = {AE2FAE6B-55C4-4ABE-AC72-AFA1F188D55D}
	EndGlobalSection
EndGlobal
